# THIS IS AN AUTOGENERATED FILE. DO NOT EDIT THIS FILE DIRECTLY.
# yarn lockfile v1


"@iden3/bigarray@0.0.2":
  version "0.0.2"
  resolved "https://registry.yarnpkg.com/@iden3/bigarray/-/bigarray-0.0.2.tgz#6fc4ba5be18daf8a26ee393f2fb62b80d98c05e9"
  integrity sha512-Xzdyxqm1bOFF6pdIsiHLLl3HkSLjbhqJHVyqaTxXt3RqXBEnmsUmEW47H7VOi/ak7TdkRpNkxjyK5Zbkm+y52g==

"@iden3/binfileutils@0.0.10":
  version "0.0.10"
  resolved "https://registry.yarnpkg.com/@iden3/binfileutils/-/binfileutils-0.0.10.tgz#8791330780f6ea6bc063dda08c27b750d2233625"
  integrity sha512-mDtBiKYcHs9K8vnznd8md0In6e5hL6i7ITzlHQ6Xxx6kvGAgB8UZeHJ0KswS6IJK4x9v2mwHsh5kIDl245cQZg==
  dependencies:
    fastfile "0.0.19"
    ffjavascript "^0.2.48"

"@iden3/binfileutils@0.0.12":
  version "0.0.12"
  resolved "https://registry.yarnpkg.com/@iden3/binfileutils/-/binfileutils-0.0.12.tgz#3772552f57551814ff606fa68ea1e0ef52795ce3"
  integrity sha512-naAmzuDufRIcoNfQ1d99d7hGHufLA3wZSibtr4dMe6ZeiOPV1KwOZWTJ1YVz4HbaWlpDuzVU72dS4ATQS4PXBQ==
  dependencies:
    fastfile "0.0.20"
    ffjavascript "^0.3.0"

"@noble/hashes@^1.7.1":
  version "1.8.0"
  resolved "https://registry.yarnpkg.com/@noble/hashes/-/hashes-1.8.0.tgz#cee43d801fcef9644b11b8194857695acd5f815a"
  integrity sha512-jCs9ldd7NwzpgXDIf6P3+NrHh9/sD6CQdxHyjQI+h/6rDNo88ypBxxz45UDuZHz9r3tNz7N/VInSVoVdtXEI4A==

"@zk-email/circuits@6.3.4":
  version "6.3.4"
  resolved "https://registry.yarnpkg.com/@zk-email/circuits/-/circuits-6.3.4.tgz#3f3bc86e55dd6d974d3320feaa886f6527786561"
  integrity sha512-owfgfUyjgMOZuinEIK1vDNgwDU7aQyJMeED+pjcEWHHoPYcuxKLBiBiI+kfN9Rwd2kjZgM50zJ3yRg+1N9hTHw==
  dependencies:
    "@zk-email/zk-regex-circom" "2.3.2"
    circomlib "^2.0.5"

"@zk-email/circuits@6.4.1-alpha.0":
  version "6.4.1-alpha.0"
  resolved "https://registry.yarnpkg.com/@zk-email/circuits/-/circuits-6.4.1-alpha.0.tgz#428bc44b8abc5a32668aa1e7316d01a854e9d146"
  integrity sha512-Qjjz1b3tQUjzRmgaBrU//IqcGUUngxsRpnbt9fZ0A5bUt+EEnWDBq2iSKOuU5Cwlg1L6YxUVaCFUKkncVAWBaw==
  dependencies:
    "@zk-email/zk-regex-circom" "2.2.2-alpha.0"
    circomlib "^2.0.5"

"@zk-email/zk-regex-circom@2.2.2-alpha.0":
  version "2.2.2-alpha.0"
  resolved "https://registry.yarnpkg.com/@zk-email/zk-regex-circom/-/zk-regex-circom-2.2.2-alpha.0.tgz#4190a451ad4bbfaa0d85092ad86a40f0d1469873"
  integrity sha512-9ljwGXZYHfiumTlBvxH2VuvZUgs3K0vKK2JAfiyuqjLMKc/W8J95AGgrgbtLzQq7gNdhPfarSKmF/KpYmbzFJg==
  dependencies:
    "@zk-email/circuits" "6.3.4"
    circomlib "^2.0.5"
    prettier ""

"@zk-email/zk-regex-circom@2.3.2":
  version "2.3.2"
  resolved "https://registry.yarnpkg.com/@zk-email/zk-regex-circom/-/zk-regex-circom-2.3.2.tgz#d3ad819ea0de3ce7612aa9ecde0497c3fac514fc"
  integrity sha512-GXp4Z/93iF54hfJwlWl52HFiqpmLCeSHFc4HlYpxj5EWHQK6ibFQMLUWTJsdA3eh/erjO4UX+HlEIJ/gHhLg9g==
  dependencies:
    commander "^11.0.0"
    snarkjs "^0.7.5"

async@^3.2.6:
  version "3.2.6"
  resolved "https://registry.yarnpkg.com/async/-/async-3.2.6.tgz#1b0728e14929d51b85b449b7f06e27c1145e38ce"
  integrity sha512-htCUDlxyyCLMgaM3xXg0C0LW2xqfuQ6p05pCEIsXuyQ+a1koYKTuBMzRNwmybfLgvJDMd0r1LTn4+E0Ti6C2AA==

b4a@^1.0.1:
  version "1.8.0"
  resolved "https://registry.yarnpkg.com/b4a/-/b4a-1.8.0.tgz#1ca3ba0edc9469aaabef5647e769a83d50180b1a"
  integrity sha512-qRuSmNSkGQaHwNbM7J78Wwy+ghLEYF1zNrSeMxj4Kgw6y33O3mXcQ6Ie9fRvfU/YnxWkOchPXbaLb73TkIsfdg==

balanced-match@^1.0.0:
  version "1.0.2"
  resolved "https://registry.yarnpkg.com/balanced-match/-/balanced-match-1.0.2.tgz#e83e3a7e3f300b34cb9d87f615fa0cbf357690ee"
  integrity sha512-3oSeUO0TMV67hN1AmbXsK4yaqU7tjiHlbxRDZOpH0KW9+CeX4bRAaX0Anxt0tx2MrpRpWwQaPwIlISEJhYU5Pw==

bfj@^7.0.2:
  version "7.1.0"
  resolved "https://registry.yarnpkg.com/bfj/-/bfj-7.1.0.tgz#c5177d522103f9040e1b12980fe8c38cf41d3f8b"
  integrity sha512-I6MMLkn+anzNdCUp9hMRyui1HaNEUCco50lxbvNS4+EyXg8lN3nJ48PjPWtbH8UVS9CuMoaKE9U2V3l29DaRQw==
  dependencies:
    bluebird "^3.7.2"
    check-types "^11.2.3"
    hoopy "^0.1.4"
    jsonpath "^1.1.1"
    tryer "^1.0.1"

big-integer@^1.6.42, big-integer@^1.6.48:
  version "1.6.52"
  resolved "https://registry.yarnpkg.com/big-integer/-/big-integer-1.6.52.tgz#60a887f3047614a8e1bffe5d7173490a97dc8c85"
  integrity sha512-QxD8cf2eVqJOOz63z6JIN9BzvVs/dlySa5HGSBH5xtR8dPteIRQnBxxKqkNTiT6jbDTF6jAfrd4oMcND9RGbQg==

blake2b-wasm@^2.4.0:
  version "2.4.0"
  resolved "https://registry.yarnpkg.com/blake2b-wasm/-/blake2b-wasm-2.4.0.tgz#9115649111edbbd87eb24ce7c04b427e4e2be5be"
  integrity sha512-S1kwmW2ZhZFFFOghcx73+ZajEfKBqhP82JMssxtLVMxlaPea1p9uoLiUZ5WYyHn0KddwbLc+0vh4wR0KBNoT5w==
  dependencies:
    b4a "^1.0.1"
    nanoassert "^2.0.0"

blakejs@^1.1.0:
  version "1.2.1"
  resolved "https://registry.yarnpkg.com/blakejs/-/blakejs-1.2.1.tgz#5057e4206eadb4a97f7c0b6e197a505042fc3814"
  integrity sha512-QXUSXI3QVc/gJME0dBpXrag1kbzOqCjCX8/b54ntNyW6sjtoqxqRk3LTmXzaJoh71zMsDCjM+47jS7XiwN/+fQ==

bluebird@^3.7.2:
  version "3.7.2"
  resolved "https://registry.yarnpkg.com/bluebird/-/bluebird-3.7.2.tgz#9f229c15be272454ffa973ace0dbee79a1b0c36f"
  integrity sha512-XpNj6GDQzdfW+r2Wnn7xiSAd7TM3jzkxGXBGTtWKuSXv1xUV+azxAm8jdWZN06QTQk+2N2XB9jRDkvbmQmcRtg==

brace-expansion@^2.0.1:
  version "2.0.2"
  resolved "https://registry.yarnpkg.com/brace-expansion/-/brace-expansion-2.0.2.tgz#54fc53237a613d854c7bd37463aad17df87214e7"
  integrity sha512-Jt0vHyM+jmUBqojB7E1NIYadt0vI0Qxjxd2TErW94wDz+E2LAm5vKMXXwg6ZZBTHPuUlDgQHKXvjGBdfcF1ZDQ==
  dependencies:
    balanced-match "^1.0.0"

check-types@^11.2.3:
  version "11.2.3"
  resolved "https://registry.yarnpkg.com/check-types/-/check-types-11.2.3.tgz#1ffdf68faae4e941fce252840b1787b8edc93b71"
  integrity sha512-+67P1GkJRaxQD6PKK0Et9DhwQB+vGg3PM5+aavopCpZT1lj9jeqfvpgTLAWErNj8qApkkmXlu/Ug74kmhagkXg==

circom_runtime@0.1.17:
  version "0.1.17"
  resolved "https://registry.yarnpkg.com/circom_runtime/-/circom_runtime-0.1.17.tgz#9360017d6b5d9291128da4fe05830384ef293ec1"
  integrity sha512-FCOCPz7ZbqL4TpzBlISRZ7/fcYHkdZz0DMfju1DYHiRU/+ZzJQfDS8JYENlnb9PO+HsLTr6/QtzphqvnEBp9AQ==
  dependencies:
    ffjavascript "0.2.48"

circom_runtime@0.1.28:
  version "0.1.28"
  resolved "https://registry.yarnpkg.com/circom_runtime/-/circom_runtime-0.1.28.tgz#4ea4606956eeac4499f71f65354f45b54faa93fe"
  integrity sha512-ACagpQ7zBRLKDl5xRZ4KpmYIcZDUjOiNRuxvXLqhnnlLSVY1Dbvh73TI853nqoR0oEbihtWmMSjgc5f+pXf/jQ==
  dependencies:
    ffjavascript "0.3.1"

circomlib@^2.0.5:
  version "2.0.5"
  resolved "https://registry.yarnpkg.com/circomlib/-/circomlib-2.0.5.tgz#183c703e53ed7d011811842dbeeeb9819f4cc1d6"
  integrity sha512-O7NQ8OS+J4eshBuoy36z/TwQU0YHw8W3zxZcs4hVwpEll3e4hDm3mgkIPqItN8FDeLEKZFK3YeT/+k8TiLF3/A==

commander@^11.0.0:
  version "11.1.0"
  resolved "https://registry.yarnpkg.com/commander/-/commander-11.1.0.tgz#62fdce76006a68e5c1ab3314dc92e800eb83d906"
  integrity sha512-yPVavfyCcRhmorC7rWlkHn15b4wDVgVmBA7kV4QVBsF7kv/9TKJAbAXVTxvTnwP8HHKjRCJDClKbciiYS7p0DQ==

ejs@^3.1.6:
  version "3.1.10"
  resolved "https://registry.yarnpkg.com/ejs/-/ejs-3.1.10.tgz#69ab8358b14e896f80cc39e62087b88500c3ac3b"
  integrity sha512-UeJmFfOrAQS8OJWPZ4qtgHyWExa088/MtK5UEyoJGFH67cDEXkZSviOiKRCZ4Xij0zxI3JECgYs3oKx+AizQBA==
  dependencies:
    jake "^10.8.5"

escodegen@^2.1.0:
  version "2.1.0"
  resolved "https://registry.yarnpkg.com/escodegen/-/escodegen-2.1.0.tgz#ba93bbb7a43986d29d6041f99f5262da773e2e17"
  integrity sha512-2NlIDTwUWJN0mRPQOdtQBzbUHvdGY2P1VXSyU83Q3xKxM7WHX2Ql8dKq782Q9TgQUNOLEzEYu9bzLNj1q88I5w==
  dependencies:
    esprima "^4.0.1"
    estraverse "^5.2.0"
    esutils "^2.0.2"
  optionalDependencies:
    source-map "~0.6.1"

esprima@1.2.5:
  version "1.2.5"
  resolved "https://registry.yarnpkg.com/esprima/-/esprima-1.2.5.tgz#0993502feaf668138325756f30f9a51feeec11e9"
  integrity sha512-S9VbPDU0adFErpDai3qDkjq8+G05ONtKzcyNrPKg/ZKa+tf879nX2KexNU95b31UoTJjRLInNBHHHjFPoCd7lQ==

esprima@^4.0.1:
  version "4.0.1"
  resolved "https://registry.yarnpkg.com/esprima/-/esprima-4.0.1.tgz#13b04cdb3e6c5d19df91ab6987a8695619b0aa71"
  integrity sha512-eGuFFw7Upda+g4p+QHvnW0RyTX/SVeJBDM/gCtMARO0cLuT2HcEKnTPvhjV6aGeqrCB/sbNop0Kszm0jsaWU4A==

estraverse@^5.2.0:
  version "5.3.0"
  resolved "https://registry.yarnpkg.com/estraverse/-/estraverse-5.3.0.tgz#2eea5290702f26ab8fe5370370ff86c965d21123"
  integrity sha512-MMdARuVEQziNTeJD8DgMqmhwR11BRQ/cBP+pLtYdSTnf3MIO8fFeiINEbX36ZdNlfU/7A9f3gUw49B3oQsvwBA==

esutils@^2.0.2:
  version "2.0.3"
  resolved "https://registry.yarnpkg.com/esutils/-/esutils-2.0.3.tgz#74d2eb4de0b8da1293711910d50775b9b710ef64"
  integrity sha512-kVscqXk4OCp68SZ0dkgEKVi6/8ij300KBWTJq32P/dYeWTSwK41WyTxalN1eRmA5Z9UU/LX9D7FWSmV9SAYx6g==

fastfile@0.0.19, fastfile@^0.0.19:
  version "0.0.19"
  resolved "https://registry.yarnpkg.com/fastfile/-/fastfile-0.0.19.tgz#02cef9ade123b0a74adb794f4a1abcfa5719fd46"
  integrity sha512-tz9nWR5KYb6eR2odFQ7oxqEkx8F3YQZ6NBJoJR92YEG3DqYOqyxMck8PKvTVNKx3uwvOqGnLXNScnqpdHRdHGQ==

fastfile@0.0.20:
  version "0.0.20"
  resolved "https://registry.yarnpkg.com/fastfile/-/fastfile-0.0.20.tgz#794a143d58cfda2e24c298e5ef619c748c8a1879"
  integrity sha512-r5ZDbgImvVWCP0lA/cGNgQcZqR+aYdFx3u+CtJqUE510pBUVGMn4ulL/iRTI4tACTYsNJ736uzFxEBXesPAktA==

ffjavascript@0.2.48:
  version "0.2.48"
  resolved "https://registry.yarnpkg.com/ffjavascript/-/ffjavascript-0.2.48.tgz#0ca408471d7b18bfc096a9631aa3ef3549c8c82b"
  integrity sha512-uNrWP+odLofNmmO+iCCPi/Xt/sJh1ku3pVKmKWVWCLFfdCP69hvRrogKUIGnsdiINcWn0lGxcEh5oEjStMFXQQ==
  dependencies:
    big-integer "^1.6.48"
    wasmbuilder "^0.0.12"
    wasmcurves "0.1.0"
    web-worker "^1.2.0"

ffjavascript@0.3.0:
  version "0.3.0"
  resolved "https://registry.yarnpkg.com/ffjavascript/-/ffjavascript-0.3.0.tgz#442cd8fbb1ee4cbb1be9d26fd7b2951a1ea45d6a"
  integrity sha512-l7sR5kmU3gRwDy8g0Z2tYBXy5ttmafRPFOqY7S6af5cq51JqJWt5eQ/lSR/rs2wQNbDYaYlQr5O+OSUf/oMLoQ==
  dependencies:
    wasmbuilder "0.0.16"
    wasmcurves "0.2.2"
    web-worker "1.2.0"

ffjavascript@0.3.1, ffjavascript@^0.3.0:
  version "0.3.1"
  resolved "https://registry.yarnpkg.com/ffjavascript/-/ffjavascript-0.3.1.tgz#3761bbb3f4a67b58a94a463080272bf6b5877b03"
  integrity sha512-4PbK1WYodQtuF47D4pRI5KUg3Q392vuP5WjE1THSnceHdXwU3ijaoS0OqxTzLknCtz4Z2TtABzkBdBdMn3B/Aw==
  dependencies:
    wasmbuilder "0.0.16"
    wasmcurves "0.2.2"
    web-worker "1.2.0"

ffjavascript@^0.2.48:
  version "0.2.63"
  resolved "https://registry.yarnpkg.com/ffjavascript/-/ffjavascript-0.2.63.tgz#0c1216a1f123dc9181df69e144473704d2f115eb"
  integrity sha512-dBgdsfGks58b66JnUZeZpGxdMIDQ4QsD3VYlRJyFVrKQHb2kJy4R2gufx5oetrTxXPT+aEjg0dOvOLg1N0on4A==
  dependencies:
    wasmbuilder "0.0.16"
    wasmcurves "0.2.2"
    web-worker "1.2.0"

filelist@^1.0.4:
  version "1.0.6"
  resolved "https://registry.yarnpkg.com/filelist/-/filelist-1.0.6.tgz#1e8870942a7c636c862f7c49b9394937b6a995a3"
  integrity sha512-5giy2PkLYY1cP39p17Ech+2xlpTRL9HLspOfEgm0L6CwBXBTgsK5ou0JtzYuepxkaQ/tvhCFIJ5uXo0OrM2DxA==
  dependencies:
    minimatch "^5.0.1"

hoopy@^0.1.4:
  version "0.1.4"
  resolved "https://registry.yarnpkg.com/hoopy/-/hoopy-0.1.4.tgz#609207d661100033a9a9402ad3dea677381c1b1d"
  integrity sha512-HRcs+2mr52W0K+x8RzcLzuPPmVIKMSv97RGHy0Ea9y/mpcaK+xTrjICA04KAHi4GRzxliNqNJEFYWHghy3rSfQ==

jake@^10.8.5:
  version "10.9.4"
  resolved "https://registry.yarnpkg.com/jake/-/jake-10.9.4.tgz#d626da108c63d5cfb00ab5c25fadc7e0084af8e6"
  integrity sha512-wpHYzhxiVQL+IV05BLE2Xn34zW1S223hvjtqk0+gsPrwd/8JNLXJgZZM/iPFsYc1xyphF+6M6EvdE5E9MBGkDA==
  dependencies:
    async "^3.2.6"
    filelist "^1.0.4"
    picocolors "^1.1.1"

js-sha3@^0.8.0:
  version "0.8.0"
  resolved "https://registry.yarnpkg.com/js-sha3/-/js-sha3-0.8.0.tgz#b9b7a5da73afad7dedd0f8c463954cbde6818840"
  integrity sha512-gF1cRrHhIzNfToc802P800N8PpXS+evLLXfsVpowqmAFR9uwbi89WvXg2QspOmXL8QL86J4T1EpFu+yUkwJY3Q==

jsonpath@^1.1.1:
  version "1.2.1"
  resolved "https://registry.yarnpkg.com/jsonpath/-/jsonpath-1.2.1.tgz#2b74a4bcc78948e43e33ac971138ce0c68bce701"
  integrity sha512-Jl6Jhk0jG+kP3yk59SSeGq7LFPR4JQz1DU0K+kXTysUhMostbhU3qh5mjTuf0PqFcXpAT7kvmMt9WxV10NyIgQ==
  dependencies:
    esprima "1.2.5"
    static-eval "2.1.1"
    underscore "1.13.6"

logplease@^1.2.15:
  version "1.2.15"
  resolved "https://registry.yarnpkg.com/logplease/-/logplease-1.2.15.tgz#3da442e93751a5992cc19010a826b08d0293c48a"
  integrity sha512-jLlHnlsPSJjpwUfcNyUxXCl33AYg2cHhIf9QhGL2T4iPT0XPB+xP1LRKFPgIg1M/sg9kAJvy94w9CzBNrfnstA==

minimatch@^5.0.1:
  version "5.1.9"
  resolved "https://registry.yarnpkg.com/minimatch/-/minimatch-5.1.9.tgz#1293ef15db0098b394540e8f9f744f9fda8dee4b"
  integrity sha512-7o1wEA2RyMP7Iu7GNba9vc0RWWGACJOCZBJX2GJWip0ikV+wcOsgVuY9uE8CPiyQhkGFSlhuSkZPavN7u1c2Fw==
  dependencies:
    brace-expansion "^2.0.1"

nanoassert@^2.0.0:
  version "2.0.0"
  resolved "https://registry.yarnpkg.com/nanoassert/-/nanoassert-2.0.0.tgz#a05f86de6c7a51618038a620f88878ed1e490c09"
  integrity sha512-7vO7n28+aYO4J+8w96AzhmU8G+Y/xpPDJz/se19ICsqj/momRbb9mh9ZUtkoJ5X3nTnPdhEJyc0qnM6yAsHBaA==

picocolors@^1.1.1:
  version "1.1.1"
  resolved "https://registry.yarnpkg.com/picocolors/-/picocolors-1.1.1.tgz#3d321af3eab939b083c8f929a1d12cda81c26b6b"
  integrity sha512-xceH2snhtb5M9liqDsmEw56le376mTZkEX/jEb/RxNFyegNul7eNslCXP9FDj/Lcu0X8KEyMceP2ntpaHrDEVA==

prettier@:
  version "3.8.1"
  resolved "https://registry.yarnpkg.com/prettier/-/prettier-3.8.1.tgz#edf48977cf991558f4fcbd8a3ba6015ba2a3a173"
  integrity sha512-UOnG6LftzbdaHZcKoPFtOcCKztrQ57WkHDeRD9t/PTQtmT0NHSeWWepj6pS0z/N7+08BHFDQVUrfmfMRcZwbMg==

r1csfile@0.0.35:
  version "0.0.35"
  resolved "https://registry.yarnpkg.com/r1csfile/-/r1csfile-0.0.35.tgz#07e956108d28cf9d388562e9fcc068880c517ed8"
  integrity sha512-n6RTn7KxtfHxw5gjljYBaEuhVkXEQ2sZW1XVan7fwdwvQt9Kd65/A0cy+nNHL4GRGAHEaBMdYj0JOl/3kXln4Q==
  dependencies:
    "@iden3/bigarray" "0.0.2"
    "@iden3/binfileutils" "0.0.10"
    fastfile "0.0.19"
    ffjavascript "0.2.48"

r1csfile@0.0.48:
  version "0.0.48"
  resolved "https://registry.yarnpkg.com/r1csfile/-/r1csfile-0.0.48.tgz#a317fc75407a9da92631666c75bdfc13f0a7835a"
  integrity sha512-kHRkKUJNaor31l05f2+RFzvcH5XSa7OfEfd/l4hzjte6NL6fjRkSMfZ4BjySW9wmfdwPOtq3mXurzPvPGEf5Tw==
  dependencies:
    "@iden3/bigarray" "0.0.2"
    "@iden3/binfileutils" "0.0.12"
    fastfile "0.0.20"
    ffjavascript "0.3.0"

readline@^1.3.0:
  version "1.3.0"
  resolved "https://registry.yarnpkg.com/readline/-/readline-1.3.0.tgz#c580d77ef2cfc8752b132498060dc9793a7ac01c"
  integrity sha512-k2d6ACCkiNYz222Fs/iNze30rRJ1iIicW7JuX/7/cozvih6YCkFZH+J6mAFDVgv0dRBaAyr4jDqC95R2y4IADg==

snarkjs@^0.7.5:
  version "0.7.6"
  resolved "https://registry.yarnpkg.com/snarkjs/-/snarkjs-0.7.6.tgz#632f38d5090ac2042dd24566bd973c79c7fa075b"
  integrity sha512-4uH1xA5JzVU5jaaWS2fXej3+RC6L5Erhr6INTJtUA27du4Elbh4VXCeeRjB4QiwL6N6y7SNKePw5prTxyEf4Zg==
  dependencies:
    "@iden3/binfileutils" "0.0.12"
    "@noble/hashes" "^1.7.1"
    bfj "^7.0.2"
    circom_runtime "0.1.28"
    ejs "^3.1.6"
    fastfile "0.0.20"
    ffjavascript "0.3.1"
    logplease "^1.2.15"
    r1csfile "0.0.48"

"snarkjs_chunked@git+https://github.com/nalinbhardwaj/snarkjs.git#d1c10a6373c02eaa214968da96e2514ddc8c8b92":
  version "0.4.12"
  resolved "git+https://github.com/nalinbhardwaj/snarkjs.git#d1c10a6373c02eaa214968da96e2514ddc8c8b92"
  dependencies:
    "@iden3/binfileutils" "0.0.10"
    blake2b-wasm "^2.4.0"
    circom_runtime "0.1.17"
    ejs "^3.1.6"
    fastfile "^0.0.19"
    ffjavascript "0.2.48"
    js-sha3 "^0.8.0"
    logplease "^1.2.15"
    r1csfile "0.0.35"
    readline "^1.3.0"

source-map@~0.6.1:
  version "0.6.1"
  resolved "https://registry.yarnpkg.com/source-map/-/source-map-0.6.1.tgz#74722af32e9614e9c287a8d0bbde48b5e2f1a263"
  integrity sha512-UjgapumWlbMhkBgzT7Ykc5YXUT46F0iKu8SGXq0bcwP5dz/h0Plj6enJqjz1Zbq2l5WaqYnrVbwWOWMyF3F47g==

static-eval@2.1.1:
  version "2.1.1"
  resolved "https://registry.yarnpkg.com/static-eval/-/static-eval-2.1.1.tgz#71ac6a13aa32b9e14c5b5f063c362176b0d584ba"
  integrity sha512-MgWpQ/ZjGieSVB3eOJVs4OA2LT/q1vx98KPCTTQPzq/aLr0YUXTsgryTXr4SLfR0ZfUUCiedM9n/ABeDIyy4mA==
  dependencies:
    escodegen "^2.1.0"

tryer@^1.0.1:
  version "1.0.1"
  resolved "https://registry.yarnpkg.com/tryer/-/tryer-1.0.1.tgz#f2c85406800b9b0f74c9f7465b81eaad241252f8"
  integrity sha512-c3zayb8/kWWpycWYg87P71E1S1ZL6b6IJxfb5fvsUgsf0S2MVGaDhDXXjDMpdCpfWXqptc+4mXwmiy1ypXqRAA==

underscore@1.13.6:
  version "1.13.6"
  resolved "https://registry.yarnpkg.com/underscore/-/underscore-1.13.6.tgz#04786a1f589dc6c09f761fc5f45b89e935136441"
  integrity sha512-+A5Sja4HP1M08MaXya7p5LvjuM7K6q/2EaC0+iovj/wOcMsTzMvDFbasi/oSapiwOlt252IqsKqPjCl7huKS0A==

wasmbuilder@0.0.16:
  version "0.0.16"
  resolved "https://registry.yarnpkg.com/wasmbuilder/-/wasmbuilder-0.0.16.tgz#f34c1f2c047d2f6e1065cbfec5603988f16d8549"
  integrity sha512-Qx3lEFqaVvp1cEYW7Bfi+ebRJrOiwz2Ieu7ZG2l7YyeSJIok/reEQCQCuicj/Y32ITIJuGIM9xZQppGx5LrQdA==

wasmbuilder@^0.0.12:
  version "0.0.12"
  resolved "https://registry.yarnpkg.com/wasmbuilder/-/wasmbuilder-0.0.12.tgz#a60cb25d6d11f314fe5ab3f4ee041ccb493cb78a"
  integrity sha512-dTMpBgrnLOXrN58i2zakn2ScynsBhq9LfyQIsPz4CyxRF9k1GAORniuqn3xmE9NnI1l7g3iiVCkoB2Cl0/oG8w==
  dependencies:
    big-integer "^1.6.48"

wasmcurves@0.1.0:
  version "0.1.0"
  resolved "https://registry.yarnpkg.com/wasmcurves/-/wasmcurves-0.1.0.tgz#0bc3f9d465367fcd8243395cb0094a05577e5609"
  integrity sha512-kIlcgbVUAv2uQ6lGsepGz/m5V40+Z6rvTBkqCYn3Y2+OcXst+UaP4filJYLh/xDxjJl62FFjZZeAnpeli1Y5/Q==
  dependencies:
    big-integer "^1.6.42"
    blakejs "^1.1.0"

wasmcurves@0.2.2:
  version "0.2.2"
  resolved "https://registry.yarnpkg.com/wasmcurves/-/wasmcurves-0.2.2.tgz#ca444f6a6f6e2a5cbe6629d98ff478a62b4ccb2b"
  integrity sha512-JRY908NkmKjFl4ytnTu5ED6AwPD+8VJ9oc94kdq7h5bIwbj0L4TDJ69mG+2aLs2SoCmGfqIesMWTEJjtYsoQXQ==
  dependencies:
    wasmbuilder "0.0.16"

web-worker@1.2.0:
  version "1.2.0"
  resolved "https://registry.yarnpkg.com/web-worker/-/web-worker-1.2.0.tgz#5d85a04a7fbc1e7db58f66595d7a3ac7c9c180da"
  integrity sha512-PgF341avzqyx60neE9DD+XS26MMNMoUQRz9NOZwW32nPQrF6p77f1htcnjBSEV8BGMKZ16choqUG4hyI0Hx7mA==

web-worker@^1.2.0:
  version "1.5.0"
  resolved "https://registry.yarnpkg.com/web-worker/-/web-worker-1.5.0.tgz#71b2b0fbcc4293e8f0aa4f6b8a3ffebff733dcc5"
  integrity sha512-RiMReJrTAiA+mBjGONMnjVDP2u3p9R1vkcGz6gDIrOMT3oGuYwX2WRMYI9ipkphSuE5XKEhydbhNEJh4NY9mlw==
