# THIS IS AN AUTOGENERATED FILE. DO NOT EDIT THIS FILE DIRECTLY.
# yarn lockfile v1


"@openzeppelin/contracts-upgradeable@^5.0.0":
  version "5.4.0"
  resolved "https://registry.yarnpkg.com/@openzeppelin/contracts-upgradeable/-/contracts-upgradeable-5.4.0.tgz#a325066da702d0a8be091eb17136d3e9c92cc76a"
  integrity sha512-STJKyDzUcYuB35Zub1JpWW58JxvrFFVgQ+Ykdr8A9PGXgtq/obF5uoh07k2XmFyPxfnZdPdBdhkJ/n2YxJ87HQ==

"@openzeppelin/contracts@^5.0.0":
  version "5.4.0"
  resolved "https://registry.yarnpkg.com/@openzeppelin/contracts/-/contracts-5.4.0.tgz#177594bdb2d86c71f5d1052fe40cb4edb95fb20f"
  integrity sha512-eCYgWnLg6WO+X52I16TZt8uEjbtdkgLC0SUX/xnAksjjrQI4Xfn4iBRoI5j55dmlOhDv1Y7BoR3cU7e3WWhC6A==

"forge-std@https://github.com/foundry-rs/forge-std":
  version "1.9.7"
  resolved "https://github.com/foundry-rs/forge-std#60acb7aaadcce2d68e52986a0a66fe79f07d138f"
