# THIS IS AN AUTOGENERATED FILE. DO NOT EDIT THIS FILE DIRECTLY.
# yarn lockfile v1


"@openzeppelin/contracts-upgradeable@^5.0.0":
  version "5.1.0"
  resolved "https://registry.yarnpkg.com/@openzeppelin/contracts-upgradeable/-/contracts-upgradeable-5.1.0.tgz#4d37648b7402929c53e2ff6e45749ecff91eb2b6"
  integrity sha512-AIElwP5Ck+cslNE+Hkemf5SxjJoF4wBvvjxc27Rp+9jaPs/CLIaUBMYe1FNzhdiN0cYuwGRmYaRHmmntuiju4Q==

"@openzeppelin/contracts@^5.0.0":
  version "5.1.0"
  resolved "https://registry.yarnpkg.com/@openzeppelin/contracts/-/contracts-5.1.0.tgz#4e61162f2a2bf414c4e10c45eca98ce5f1aadbd4"
  integrity sha512-p1ULhl7BXzjjbha5aqst+QMLY+4/LCWADXOCsmLHRM77AqiPjnd9vvUN9sosUfhL9JGKpZ0TjEGxgvnizmWGSA==

"@zk-email/contracts@^6.1.3":
  version "6.2.0"
  resolved "https://registry.yarnpkg.com/@zk-email/contracts/-/contracts-6.2.0.tgz#36550aea54a9a8962f0ca8ef16ad6f24bfec6942"
  integrity sha512-HlMyQNKmwdqfht6hHfTLgNnt/pGEc1cR5X4v8dMV+8IqoJTPbuvv19u69p/3U1W1SK2KUJl2Hg/bf0OxqVCNRQ==
  dependencies:
    "@openzeppelin/contracts" "^5.0.0"
    dotenv "^16.3.1"

dotenv@^16.3.1:
  version "16.4.5"
  resolved "https://registry.yarnpkg.com/dotenv/-/dotenv-16.4.5.tgz#cdd3b3b604cb327e286b4762e13502f717cb099f"
  integrity sha512-ZmdL2rui+eB2YwhsWzjInR8LldtZHGDoQ1ugH85ppHKwpUHL7j7rN0Ti9NCnGiQbhaZ11FpR+7ao1dNsmduNUg==

"ds-test@https://github.com/dapphub/ds-test":
  version "1.0.0"
  resolved "https://github.com/dapphub/ds-test#e282159d5170298eb2455a6c05280ab5a73a4ef0"

"forge-std@https://github.com/foundry-rs/forge-std":
  version "1.9.3"
  resolved "https://github.com/foundry-rs/forge-std#1de6eecf821de7fe2c908cc48d3ab3dced20717f"
